// !$*UTF8*$!
{
	archiveVersion = 1;
	classes = {
	};
	objectVersion = 46;
	objects = {

/* Begin PBXBuildFile section */
		7EA338C01D7EE64F0090C537 /* AppDelegate.swift in Sources */ = {isa = PBXBuildFile; fileRef = 7EA338BF1D7EE64F0090C537 /* AppDelegate.swift */; };
		7EA338C21D7EE64F0090C537 /* ViewController.swift in Sources */ = {isa = PBXBuildFile; fileRef = 7EA338C11D7EE64F0090C537 /* ViewController.swift */; };
		7EA338C51D7EE64F0090C537 /* Main.storyboard in Resources */ = {isa = PBXBuildFile; fileRef = 7EA338C31D7EE64F0090C537 /* Main.storyboard */; };
		7EA338C71D7EE64F0090C537 /* Assets.xcassets in Resources */ = {isa = PBXBuildFile; fileRef = 7EA338C61D7EE64F0090C537 /* Assets.xcassets */; };
		7EA338CA1D7EE64F0090C537 /* LaunchScreen.storyboard in Resources */ = {isa = PBXBuildFile; fileRef = 7EA338C81D7EE64F0090C537 /* LaunchScreen.storyboard */; };
/* End PBXBuildFile section */

/* Begin PBXFileReference section */
		7EA338BC1D7EE64F0090C537 /* Swift App 2.app */ = {isa = PBXFileReference; explicitFileType = wrapper.application; includeInIndex = 0; path = "Swift App 2.app"; sourceTree = BUILT_PRODUCTS_DIR; };
		7EA338BF1D7EE64F0090C537 /* AppDelegate.swift */ = {isa = PBXFileReference; lastKnownFileType = sourcecode.swift; path = AppDelegate.swift; sourceTree = "<group>"; };
		7EA338C11D7EE64F0090C537 /* ViewController.swift */ = {isa = PBXFileReference; lastKnownFileType = sourcecode.swift; path = ViewController.swift; sourceTree = "<group>"; };
		7EA338C41D7EE64F0090C537 /* Base */ = {isa = PBXFileReference; lastKnownFileType = file.storyboard; name = Base; path = Base.lproj/Main.storyboard; sourceTree = "<group>"; };
		7EA338C61D7EE64F0090C537 /* Assets.xcassets */ = {isa = PBXFileReference; lastKnownFileType = folder.assetcatalog; path = Assets.xcassets; sourceTree = "<group>"; };
		7EA338C91D7EE64F0090C537 /* Base */ = {isa = PBXFileReference; lastKnownFileType = file.storyboard; name = Base; path = Base.lproj/LaunchScreen.storyboard; sourceTree = "<group>"; };
		7EA338CB1D7EE64F0090C537 /* Info.plist */ = {isa = PBXFileReference; lastKnownFileType = text.plist.xml; path = Info.plist; sourceTree = "<group>"; };
/* End PBXFileReference section */

/* Begin PBXFrameworksBuildPhase section */
		7EA338B91D7EE64E0090C537 /* Frameworks */ = {
			isa = PBXFrameworksBuildPhase;
			buildActionMask = 2147483647;
			files = (
			);
			runOnlyForDeploymentPostprocessing = 0;
		};
/* End PBXFrameworksBuildPhase section */

/* Begin PBXGroup section */
		7EA338B31D7EE64E0090C537 = {
			isa = PBXGroup;
			children = (
				7EA338BE1D7EE64F0090C537 /* Swift App 2 */,
				7EA338BD1D7EE64F0090C537 /* Products */,
			);
			sourceTree = "<group>";
		};
		7EA338BD1D7EE64F0090C537 /* Products */ = {
			isa = PBXGroup;
			children = (
				7EA338BC1D7EE64F0090C537 /* Swift App 2.app */,
			);
			name = Products;
			sourceTree = "<group>";
		};
		7EA338BE1D7EE64F0090C537 /* Swift App 2 */ = {
			isa = PBXGroup;
			children = (
				7EA338BF1D7EE64F0090C537 /* AppDelegate.swift */,
				7EA338C11D7EE64F0090C537 /* ViewController.swift */,
				7EA338C31D7EE64F0090C537 /* Main.storyboard */,
				7EA338C61D7EE64F0090C537 /* Assets.xcassets */,
				7EA338C81D7EE64F0090C537 /* LaunchScreen.storyboard */,
				7EA338CB1D7EE64F0090C537 /* Info.plist */,
			);
			path = "Swift App 2";
			sourceTree = "<group>";
		};
/* End PBXGroup section */

/* Begin PBXNativeTarget section */
		7EA338BB1D7EE64E0090C537 /* Swift App 2 */ = {
			isa = PBXNativeTarget;
			buildConfigurationList = 7EA338CE1D7EE64F0090C537 /* Build configuration list for PBXNativeTarget "Swift App 2" */;
			buildPhases = (
				7EA338B81D7EE64E0090C537 /* Sources */,
				7EA338B91D7EE64E0090C537 /* Frameworks */,
				7EA338BA1D7EE64E0090C537 /* Resources */,
			);
			buildRules = (
			);
			dependencies = (
			);
			name = "Swift App 2";
			productName = "Swift App 2";
			productReference = 7EA338BC1D7EE64F0090C537 /* Swift App 2.app */;
			productType = "com.apple.product-type.application";
		};
/* End PBXNativeTarget section */

/* Begin PBXProject section */
		7EA338B41D7EE64E0090C537 /* Project object */ = {
			isa = PBXProject;
			attributes = {
				LastSwiftUpdateCheck = 0800;
				LastUpgradeCheck = 0800;
				ORGANIZATIONNAME = BHSRam8;
				TargetAttributes = {
					7EA338BB1D7EE64E0090C537 = {
						CreatedOnToolsVersion = 8.0;
						ProvisioningStyle = Automatic;
					};
				};
			};
			buildConfigurationList = 7EA338B71D7EE64E0090C537 /* Build configuration list for PBXProject "Swift App 2" */;
			compatibilityVersion = "Xcode 3.2";
			developmentRegion = English;
			hasScannedForEncodings = 0;
			knownRegions = (
				en,
				Base,
			);
			mainGroup = 7EA338B31D7EE64E0090C537;
			productRefGroup = 7EA338BD1D7EE64F0090C537 /* Products */;
			projectDirPath = "";
			projectRoot = "";
			targets = (
				7EA338BB1D7EE64E0090C537 /* Swift App 2 */,
			);
		};
/* End PBXProject section */

/* Begin PBXResourcesBuildPhase section */
		7EA338BA1D7EE64E0090C537 /* Resources */ = {
			isa = PBXResourcesBuildPhase;
			buildActionMask = 2147483647;
			files = (
				7EA338CA1D7EE64F0090C537 /* LaunchScreen.storyboard in Resources */,
				7EA338C71D7EE64F0090C537 /* Assets.xcassets in Resources */,
				7EA338C51D7EE64F0090C537 /* Main.storyboard in Resources */,
			);
			runOnlyForDeploymentPostprocessing = 0;
		};
/* End PBXResourcesBuildPhase section */

/* Begin PBXSourcesBuildPhase section */
		7EA338B81D7EE64E0090C537 /* Sources */ = {
			isa = PBXSourcesBuildPhase;
			buildActionMask = 2147483647;
			files = (
				7EA338C21D7EE64F0090C537 /* ViewController.swift in Sources */,
				7EA338C01D7EE64F0090C537 /* AppDelegate.swift in Sources */,
			);
			runOnlyForDeploymentPostprocessing = 0;
		};
/* End PBXSourcesBuildPhase section */

/* Begin PBXVariantGroup section */
		7EA338C31D7EE64F0090C537 /* Main.storyboard */ = {
			isa = PBXVariantGroup;
			children = (
				7EA338C41D7EE64F0090C537 /* Base */,
			);
			name = Main.storyboard;
			sourceTree = "<group>";
		};
		7EA338C81D7EE64F0090C537 /* LaunchScreen.storyboard */ = {
			isa = PBXVariantGroup;
			children = (
				7EA338C91D7EE64F0090C537 /* Base */,
			);
			name = LaunchScreen.storyboard;
			sourceTree = "<group>";
		};
/* End PBXVariantGroup section */

/* Begin XCBuildConfiguration section */
		7EA338CC1D7EE64F0090C537 /* Debug */ = {
			isa = XCBuildConfiguration;
			buildSettings = {
				ALWAYS_SEARCH_USER_PATHS = NO;
				CLANG_ANALYZER_NONNULL = YES;
				CLANG_CXX_LANGUAGE_STANDARD = "gnu++0x";
				CLANG_CXX_LIBRARY = "libc++";
				CLANG_ENABLE_MODULES = YES;
				CLANG_ENABLE_OBJC_ARC = YES;
				CLANG_WARN_BOOL_CONVERSION = YES;
				CLANG_WARN_CONSTANT_CONVERSION = YES;
				CLANG_WARN_DIRECT_OBJC_ISA_USAGE = YES_ERROR;
				CLANG_WARN_DOCUMENTATION_COMMENTS = YES;
				CLANG_WARN_EMPTY_BODY = YES;
				CLANG_WARN_ENUM_CONVERSION = YES;
				CLANG_WARN_INFINITE_RECURSION = YES;
				CLANG_WARN_INT_CONVERSION = YES;
				CLANG_WARN_OBJC_ROOT_CLASS = YES_ERROR;
				CLANG_WARN_SUSPICIOUS_MOVES = YES;
				CLANG_WARN_UNREACHABLE_CODE = YES;
				CLANG_WARN__DUPLICATE_METHOD_MATCH = YES;
				"CODE_SIGN_IDENTITY[sdk=iphoneos*]" = "iPhone Developer";
				COPY_PHASE_STRIP = NO;
				DEBUG_INFORMATION_FORMAT = dwarf;
				ENABLE_STRICT_OBJC_MSGSEND = YES;
				ENABLE_TESTABILITY = YES;
				GCC_C_LANGUAGE_STANDARD = gnu99;
				GCC_DYNAMIC_NO_PIC = NO;
				GCC_NO_COMMON_BLOCKS = YES;
				GCC_OPTIMIZATION_LEVEL = 0;
				GCC_PREPROCESSOR_DEFINITIONS = (
					"DEBUG=1",
					"$(inherited)",
				);
				GCC_WARN_64_TO_32_BIT_CONVERSION = YES;
				GCC_WARN_ABOUT_RETURN_TYPE = YES_ERROR;
				GCC_WARN_UNDECLARED_SELECTOR = YES;
				GCC_WARN_UNINITIALIZED_AUTOS = YES_AGGRESSIVE;
				GCC_WARN_UNUSED_FUNCTION = YES;
				GCC_WARN_UNUSED_VARIABLE = YES;
				IPHONEOS_DEPLOYMENT_TARGET = 10.0;
				MTL_ENABLE_DEBUG_INFO = YES;
				ONLY_ACTIVE_ARCH = YES;
				SDKROOT = iphoneos;
				SWIFT_ACTIVE_COMPILATION_CONDITIONS = DEBUG;
				SWIFT_OPTIMIZATION_LEVEL = "-Onone";
				TARGETED_DEVICE_FAMILY = "1,2";
			};
			name = Debug;
		};
		7EA338CD1D7EE64F0090C537 /* Release */ = {
			isa = XCBuildConfiguration;
			buildSettings = {
				ALWAYS_SEARCH_USER_PATHS = NO;
				CLANG_ANALYZER_NONNULL = YES;
				CLANG_CXX_LANGUAGE_STANDARD = "gnu++0x";
				CLANG_CXX_LIBRARY = "libc++";
				CLANG_ENABLE_MODULES = YES;
				CLANG_ENABLE_OBJC_ARC = YES;
				CLANG_WARN_BOOL_CONVERSION = YES;
				CLANG_WARN_CONSTANT_CONVERSION = YES;
				CLANG_WARN_DIRECT_OBJC_ISA_USAGE = YES_ERROR;
				CLANG_WARN_DOCUMENTATION_COMMENTS = YES;
				CLANG_WARN_EMPTY_BODY = YES;
				CLANG_WARN_ENUM_CONVERSION = YES;
				CLANG_WARN_INFINITE_RECURSION = YES;
				CLANG_WARN_INT_CONVERSION = YES;
				CLANG_WARN_OBJC_ROOT_CLASS = YES_ERROR;
				CLANG_WARN_SUSPICIOUS_MOVES = YES;
				CLANG_WARN_UNREACHABLE_CODE = YES;
				CLANG_WARN__DUPLICATE_METHOD_MATCH = YES;
				"CODE_SIGN_IDENTITY[sdk=iphoneos*]" = "iPhone Developer";
				COPY_PHASE_STRIP = NO;
				DEBUG_INFORMATION_FORMAT = "dwarf-with-dsym";
				ENABLE_NS_ASSERTIONS = NO;
				ENABLE_STRICT_OBJC_MSGSEND = YES;
				GCC_C_LANGUAGE_STANDARD = gnu99;
				GCC_NO_COMMON_BLOCKS = YES;
				GCC_WARN_64_TO_32_BIT_CONVERSION = YES;
				GCC_WARN_ABOUT_RETURN_TYPE = YES_ERROR;
				GCC_WARN_UNDECLARED_SELECTOR = YES;
				GCC_WARN_UNINITIALIZED_AUTOS = YES_AGGRESSIVE;
				GCC_WARN_UNUSED_FUNCTION = YES;
				GCC_WARN_UNUSED_VARIABLE = YES;
				IPHONEOS_DEPLOYMENT_TARGET = 10.0;
				MTL_ENABLE_DEBUG_INFO = NO;
				SDKROOT = iphoneos;
				SWIFT_OPTIMIZATION_LEVEL = "-Owholemodule";
				TARGETED_DEVICE_FAMILY = "1,2";
				VALIDATE_PRODUCT = YES;
			};
			name = Release;
		};
		7EA338CF1D7EE64F0090C537 /* Debug */ = {
			isa = XCBuildConfiguration;
			buildSettings = {
				ASSETCATALOG_COMPILER_APPICON_NAME = AppIcon;
				INFOPLIST_FILE = "Swift App 2/Info.plist";
				LD_RUNPATH_SEARCH_PATHS = "$(inherited) @executable_path/Frameworks";
				PRODUCT_BUNDLE_IDENTIFIER = "badin.Swift-App-2";
				PRODUCT_NAME = "$(TARGET_NAME)";
				SWIFT_VERSION = 3.0;
			};
			name = Debug;
		};
		7EA338D01D7EE64F0090C537 /* Release */ = {
			isa = XCBuildConfiguration;
			buildSettings = {
				ASSETCATALOG_COMPILER_APPICON_NAME = AppIcon;
				INFOPLIST_FILE = "Swift App 2/Info.plist";
				LD_RUNPATH_SEARCH_PATHS = "$(inherited) @executable_path/Frameworks";
				PRODUCT_BUNDLE_IDENTIFIER = "badin.Swift-App-2";
				PRODUCT_NAME = "$(TARGET_NAME)";
				SWIFT_VERSION = 3.0;
			};
			name = Release;
		};
/* End XCBuildConfiguration section */

/* Begin XCConfigurationList section */
		7EA338B71D7EE64E0090C537 /* Build configuration list for PBXProject "Swift App 2" */ = {
			isa = XCConfigurationList;
			buildConfigurations = (
				7EA338CC1D7EE64F0090C537 /* Debug */,
				7EA338CD1D7EE64F0090C537 /* Release */,
			);
			defaultConfigurationIsVisible = 0;
			defaultConfigurationName = Release;
		};
		7EA338CE1D7EE64F0090C537 /* Build configuration list for PBXNativeTarget "Swift App 2" */ = {
			isa = XCConfigurationList;
			buildConfigurations = (
				7EA338CF1D7EE64F0090C537 /* Debug */,
				7EA338D01D7EE64F0090C537 /* Release */,
			);
			defaultConfigurationIsVisible = 0;
		};
/* End XCConfigurationList section */
	};
	rootObject = 7EA338B41D7EE64E0090C537 /* Project object */;
}
